
Microsoft Visual Studio Solution File, Format Version 12.00
# Visual Studio Version 17
VisualStudioVersion = 17.4.33213.308
MinimumVisualStudioVersion = 10.0.40219.1
Project("{FAE04EC0-301F-11D3-BF4B-00C04F79EFBC}") = "MediaPlayer For Microsoft Visual Studio", "WindowsFormsApp1\MediaPlayer For Microsoft Visual Studio.csproj", "{19AB2674-1F54-4737-9553-1EDD668D39EB}"
EndProject
Global
	GlobalSection(SolutionConfigurationPlatforms) = preSolution
		Debug|Any CPU = Debug|Any CPU
		Release|Any CPU = Release|Any CPU
	EndGlobalSection
	GlobalSection(ProjectConfigurationPlatforms) = postSolution
		{19AB2674-1F54-4737-9553-1EDD668D39EB}.Debug|Any CPU.ActiveCfg = Debug|Any CPU
		{19AB2674-1F54-4737-9553-1EDD668D39EB}.Debug|Any CPU.Build.0 = Debug|Any CPU
		{19AB2674-1F54-4737-9553-1EDD668D39EB}.Release|Any CPU.ActiveCfg = Release|Any CPU
		{19AB2674-1F54-4737-9553-1EDD668D39EB}.Release|Any CPU.Build.0 = Release|Any CPU
	EndGlobalSection
	GlobalSection(SolutionProperties) = preSolution
		HideSolutionNode = FALSE
	EndGlobalSection
	GlobalSection(ExtensibilityGlobals) = postSolution
		SolutionGuid = {8AB3CCD1-07EB-4FF8-8EA6-95E9CA466FA1}
	EndGlobalSection
EndGlobal
